
Microsoft Visual Studio Solution File, Format Version 12.00
# Visual Studio Version 16
VisualStudioVersion = 16.0.31313.79
MinimumVisualStudioVersion = 10.0.40219.1
Project("{FAE04EC0-301F-11D3-BF4B-00C04F79EFBC}") = "MediatR-Demo", "MediatR-Demo.csproj", "{12D08CFB-F312-4581-82F6-016CA919B879}"
EndProject
Global
	GlobalSection(SolutionConfigurationPlatforms) = preSolution
		Debug|Any CPU = Debug|Any CPU
		Release|Any CPU = Release|Any CPU
	EndGlobalSection
	GlobalSection(ProjectConfigurationPlatforms) = postSolution
		{12D08CFB-F312-4581-82F6-016CA919B879}.Debug|Any CPU.ActiveCfg = Debug|Any CPU
		{12D08CFB-F312-4581-82F6-016CA919B879}.Debug|Any CPU.Build.0 = Debug|Any CPU
		{12D08CFB-F312-4581-82F6-016CA919B879}.Release|Any CPU.ActiveCfg = Release|Any CPU
		{12D08CFB-F312-4581-82F6-016CA919B879}.Release|Any CPU.Build.0 = Release|Any CPU
	EndGlobalSection
	GlobalSection(SolutionProperties) = preSolution
		HideSolutionNode = FALSE
	EndGlobalSection
	GlobalSection(ExtensibilityGlobals) = postSolution
		SolutionGuid = {87FEE1BC-BDF5-41F9-9EDB-5052E5EB5377}
	EndGlobalSection
EndGlobal
